
Microsoft Visual Studio Solution File, Format Version 12.00
Project("{FAE04EC0-301F-11D3-BF4B-00C04F79EFBC}") = "KafkaProducer", "KafkaProducer\KafkaProducer.csproj", "{9CF8DF70-D666-4491-8438-4A6DD28786BD}"
EndProject
Project("{2150E333-8FDC-42A3-9474-1A3956D46DE8}") = "SolutionItems", "SolutionItems", "{42AD9534-9454-4F98-9D7D-59ADB2085358}"
	ProjectSection(SolutionItems) = preProject
		docker-compose.yaml = docker-compose.yaml
	EndProjectSection
EndProject
Global
	GlobalSection(SolutionConfigurationPlatforms) = preSolution
		Debug|Any CPU = Debug|Any CPU
		Release|Any CPU = Release|Any CPU
	EndGlobalSection
	GlobalSection(ProjectConfigurationPlatforms) = postSolution
		{9CF8DF70-D666-4491-8438-4A6DD28786BD}.Debug|Any CPU.ActiveCfg = Debug|Any CPU
		{9CF8DF70-D666-4491-8438-4A6DD28786BD}.Debug|Any CPU.Build.0 = Debug|Any CPU
		{9CF8DF70-D666-4491-8438-4A6DD28786BD}.Release|Any CPU.ActiveCfg = Release|Any CPU
		{9CF8DF70-D666-4491-8438-4A6DD28786BD}.Release|Any CPU.Build.0 = Release|Any CPU
	EndGlobalSection
EndGlobal
